
Microsoft Visual Studio Solution File, Format Version 12.00
# Visual Studio Version 17
VisualStudioVersion = 17.6.33815.320
MinimumVisualStudioVersion = 10.0.40219.1
Project("{FAE04EC0-301F-11D3-BF4B-00C04F79EFBC}") = "ConsumindoAPI", "ConsumindoAPI\ConsumindoAPI.csproj", "{12181DE2-9E7D-487C-92F8-25444AD11D53}"
EndProject
Global
	GlobalSection(SolutionConfigurationPlatforms) = preSolution
		Debug|Any CPU = Debug|Any CPU
		Release|Any CPU = Release|Any CPU
	EndGlobalSection
	GlobalSection(ProjectConfigurationPlatforms) = postSolution
		{12181DE2-9E7D-487C-92F8-25444AD11D53}.Debug|Any CPU.ActiveCfg = Debug|Any CPU
		{12181DE2-9E7D-487C-92F8-25444AD11D53}.Debug|Any CPU.Build.0 = Debug|Any CPU
		{12181DE2-9E7D-487C-92F8-25444AD11D53}.Release|Any CPU.ActiveCfg = Release|Any CPU
		{12181DE2-9E7D-487C-92F8-25444AD11D53}.Release|Any CPU.Build.0 = Release|Any CPU
	EndGlobalSection
	GlobalSection(SolutionProperties) = preSolution
		HideSolutionNode = FALSE
	EndGlobalSection
	GlobalSection(ExtensibilityGlobals) = postSolution
		SolutionGuid = {9DE808A4-FFF1-4B03-B358-97DB59830A84}
	EndGlobalSection
EndGlobal
